<?xml version="1.0" encoding="utf-8"?>
<Project ToolsVersion="4.0" xmlns="http://schemas.microsoft.com/developer/msbuild/2003">
  <ItemGroup>
    <Filter Include="Source Files">
      <UniqueIdentifier>{4FC737F1-C7A5-4376-A066-2A32D752A2FF}</UniqueIdentifier>
      <Extensions>cpp;c;cc;cxx;def;odl;idl;hpj;bat;asm;asmx</Extensions>
    </Filter>
    <Filter Include="Header Files">
      <UniqueIdentifier>{93995380-89BD-4b04-88EB-625FBE52EBFB}</UniqueIdentifier>
      <Extensions>h;hpp;hxx;hm;inl;inc;xsd</Extensions>
    </Filter>
    <Filter Include="Resource Files">
      <UniqueIdentifier>{67DA6AB6-F800-4c08-8B7A-83BB121AAD01}</UniqueIdentifier>
      <Extensions>rc;ico;cur;bmp;dlg;rc2;rct;bin;rgs;gif;jpg;jpeg;jpe;resx;tiff;tif;png;wav</Extensions>
    </Filter>
  </ItemGroup>
  <ItemGroup>
    <ClCompile Include="lexrep\OneStateMap.cpp">
      <Filter>Source Files</Filter>
    </ClCompile>
    <ClCompile Include="lexrep\NextStateMap.cpp">
      <Filter>Source Files</Filter>
    </ClCompile>
    <ClCompile Include="lexrep\SymbolMap.cpp">
      <Filter>Source Files</Filter>
    </ClCompile>
    <ClCompile Include="lexrep\StateMap.cpp">
      <Filter>Source Files</Filter>
    </ClCompile>
    <ClCompile Include="lexrep\RegexMap.cpp">
      <Filter>Source Files</Filter>
    </ClCompile>
    <ClCompile Include="lexrep\RegexOneStateMap.cpp">
      <Filter>Source Files</Filter>
    </ClCompile>
    <ClCompile Include="lexrep\RegexNextStateMap.cpp">
      <Filter>Source Files</Filter>
    </ClCompile>
    <ClCompile Include="lexrep\RegexOffsetMap.cpp">
      <Filter>Source Files</Filter>
    </ClCompile>
    <ClCompile Include="lexrep\RegexStateMap.cpp">
      <Filter>Source Files</Filter>
    </ClCompile>
    <ClCompile Include="lexrep\FailureTable.cpp">
      <Filter>Source Files</Filter>
    </ClCompile>
    <ClCompile Include="lexrep\Matches.cpp">
      <Filter>Source Files</Filter>
    </ClCompile>
    <ClCompile Include="lexrep\MatchSet.cpp">
      <Filter>Source Files</Filter>
    </ClCompile>
    <ClCompile Include="lexrep\MatchCount.cpp">
      <Filter>Source Files</Filter>
    </ClCompile>
    <ClCompile Include="lexrep\Metadata.cpp">
      <Filter>Source Files</Filter>
    </ClCompile>
    <ClCompile Include="ali\ALIFailureTable.cpp">
      <Filter>Source Files</Filter>
    </ClCompile>
    <ClCompile Include="ali\ALIOneStateMap.cpp">
      <Filter>Source Files</Filter>
    </ClCompile>
    <ClCompile Include="ali\ALINextStateMap.cpp">
      <Filter>Source Files</Filter>
    </ClCompile>
    <ClCompile Include="ali\ALIOutput.cpp">
      <Filter>Source Files</Filter>
    </ClCompile>
    <ClCompile Include="ali\ALIStateMap.cpp">
      <Filter>Source Files</Filter>
    </ClCompile>
    <ClCompile Include="ali\ALISymbolMap.cpp">
      <Filter>Source Files</Filter>
    </ClCompile>
    <ClCompile Include="ModelData.cpp">
      <Filter>Source Files</Filter>
    </ClCompile>
    <ClCompile Include="ALIModelData.cpp">
      <Filter>Source Files</Filter>
    </ClCompile>
  </ItemGroup>
  <ItemGroup>
    <ClInclude Include="AhoCorasick.h">
      <Filter>Header Files</Filter>
    </ClInclude>
    <ClInclude Include="AhoTypes.h">
      <Filter>Header Files</Filter>
    </ClInclude>
    <ClInclude Include="ALIModelData.h">
      <Filter>Header Files</Filter>
    </ClInclude>
    <ClInclude Include="ModelData.h">
      <Filter>Header Files</Filter>
    </ClInclude>
    <ClInclude Include="AhoExport.h">
      <Filter>Header Files</Filter>
    </ClInclude>
    <ClInclude Include="ModelId.h">
      <Filter>Header Files</Filter>
    </ClInclude>
    <ClInclude Include="ModelRegex.h">
      <Filter>Header Files</Filter>
    </ClInclude>
    <ClInclude Include="ModelRegistry.h">
      <Filter>Header Files</Filter>
    </ClInclude>
    <ClInclude Include="StaticModel.h">
      <Filter>Header Files</Filter>
    </ClInclude>
    <ClInclude Include="ali\ALIData.h">
      <Filter>Header Files</Filter>
    </ClInclude>
    <ClInclude Include="ali\ALIFunctions.h">
      <Filter>Header Files</Filter>
    </ClInclude>
    <ClInclude Include="lexrep\LexrepData.h">
      <Filter>Header Files</Filter>
    </ClInclude>
    <ClInclude Include="lexrep\LexrepFunctions.h">
      <Filter>Header Files</Filter>
    </ClInclude>
  </ItemGroup>
  <ItemGroup>
    <ResourceCompile Include="en\resource.rc">
      <Filter>Resource Files</Filter>
    </ResourceCompile>
  </ItemGroup>
</Project>