
Microsoft Visual Studio Solution File, Format Version 12.00
# Visual Studio Version 16
VisualStudioVersion = 16.0.29609.76
MinimumVisualStudioVersion = 10.0.40219.1
Project("{8BC9CEB8-8B4A-11D0-8D11-00A0C91BC942}") = "iKnowShell", "shell\shell.vcxproj", "{1C10B62A-EE40-44D5-92FB-01A7733294F4}"
	ProjectSection(ProjectDependencies) = postProject
		{9C97C903-7BA3-4B1F-834F-3A073819A26D} = {9C97C903-7BA3-4B1F-834F-3A073819A26D}
		{0B51EE09-DC75-40E8-B10C-EE2EAB2EA50F} = {0B51EE09-DC75-40E8-B10C-EE2EAB2EA50F}
		{890C8121-D3EA-4E17-9A05-3F4689CFC46B} = {890C8121-D3EA-4E17-9A05-3F4689CFC46B}
		{4207F529-96D3-45FE-B6E9-3B5B2A8814AD} = {4207F529-96D3-45FE-B6E9-3B5B2A8814AD}
		{7189FF33-B76B-4F35-958F-ECE56EBF9658} = {7189FF33-B76B-4F35-958F-ECE56EBF9658}
		{9EBFDA45-E372-4381-8BA9-DEF74310AF14} = {9EBFDA45-E372-4381-8BA9-DEF74310AF14}
		{5AFDE159-5E6D-4FDD-BCFB-7F2E38D7135D} = {5AFDE159-5E6D-4FDD-BCFB-7F2E38D7135D}
		{6F8E237C-F741-4488-8E67-80A9225313CE} = {6F8E237C-F741-4488-8E67-80A9225313CE}
		{2BBB028D-7CA2-49E6-BE57-FE85FE6242C0} = {2BBB028D-7CA2-49E6-BE57-FE85FE6242C0}
		{B7D2518F-6AFD-4B8A-9CA4-5FA1C43E3793} = {B7D2518F-6AFD-4B8A-9CA4-5FA1C43E3793}
		{AC54A599-52EB-416F-85E7-C130099E06A2} = {AC54A599-52EB-416F-85E7-C130099E06A2}
		{E0C85A9A-D1CF-4BF6-99A8-DA5B0F4B0281} = {E0C85A9A-D1CF-4BF6-99A8-DA5B0F4B0281}
		{DF730C9C-2FBF-414E-9E4D-E4E8F953643C} = {DF730C9C-2FBF-414E-9E4D-E4E8F953643C}
		{24E3F2B5-79BF-43E9-A417-C62AD48E3C72} = {24E3F2B5-79BF-43E9-A417-C62AD48E3C72}
		{0E252CC3-B78C-4218-A626-57AFCCF15D6D} = {0E252CC3-B78C-4218-A626-57AFCCF15D6D}
		{3B42B7C3-E03C-4774-B0F8-DBA404BA0B11} = {3B42B7C3-E03C-4774-B0F8-DBA404BA0B11}
		{F82C3CD1-B220-4780-9854-1E8546222837} = {F82C3CD1-B220-4780-9854-1E8546222837}
		{33E174DE-FA5F-4224-B3B6-C76F8A5327ED} = {33E174DE-FA5F-4224-B3B6-C76F8A5327ED}
		{A35359DF-91EC-47A3-93C6-3DC3975A7652} = {A35359DF-91EC-47A3-93C6-3DC3975A7652}
		{2E2229E0-AEAD-4880-8273-360C96A2A18E} = {2E2229E0-AEAD-4880-8273-360C96A2A18E}
		{A478BEE2-98F1-4066-BE6B-A37DC75F3893} = {A478BEE2-98F1-4066-BE6B-A37DC75F3893}
		{364B95E6-1E33-430E-96EF-45CDF70E43E7} = {364B95E6-1E33-430E-96EF-45CDF70E43E7}
		{5494F8E8-072C-4DB3-A709-EAEA7D228E28} = {5494F8E8-072C-4DB3-A709-EAEA7D228E28}
		{DDC2FBE9-BB3C-45FC-BECD-B94F567D3F72} = {DDC2FBE9-BB3C-45FC-BECD-B94F567D3F72}
		{AB80B7EB-1C41-4AFD-81A6-F074D533A6AA} = {AB80B7EB-1C41-4AFD-81A6-F074D533A6AA}
		{D6D95BEC-8731-4E66-9B8D-23F2DA2F9E0E} = {D6D95BEC-8731-4E66-9B8D-23F2DA2F9E0E}
	EndProjectSection
EndProject
Project("{8BC9CEB8-8B4A-11D0-8D11-00A0C91BC942}") = "iKnowModelCommon", "aho\model_common.vcxproj", "{AB80B7EB-1C41-4AFD-81A6-F074D533A6AA}"
	ProjectSection(ProjectDependencies) = postProject
		{9C97C903-7BA3-4B1F-834F-3A073819A26D} = {9C97C903-7BA3-4B1F-834F-3A073819A26D}
		{9EBFDA45-E372-4381-8BA9-DEF74310AF14} = {9EBFDA45-E372-4381-8BA9-DEF74310AF14}
		{3B42B7C3-E03C-4774-B0F8-DBA404BA0B11} = {3B42B7C3-E03C-4774-B0F8-DBA404BA0B11}
	EndProjectSection
EndProject
Project("{8BC9CEB8-8B4A-11D0-8D11-00A0C91BC942}") = "iKnowModelen", "aho\model0_en.vcxproj", "{DF730C9C-2FBF-414E-9E4D-E4E8F953643C}"
	ProjectSection(ProjectDependencies) = postProject
		{AB80B7EB-1C41-4AFD-81A6-F074D533A6AA} = {AB80B7EB-1C41-4AFD-81A6-F074D533A6AA}
	EndProjectSection
EndProject
Project("{8BC9CEB8-8B4A-11D0-8D11-00A0C91BC942}") = "iKnowModelenx", "aho\model1_en.vcxproj", "{33E174DE-FA5F-4224-B3B6-C76F8A5327ED}"
	ProjectSection(ProjectDependencies) = postProject
		{AB80B7EB-1C41-4AFD-81A6-F074D533A6AA} = {AB80B7EB-1C41-4AFD-81A6-F074D533A6AA}
	EndProjectSection
EndProject
Project("{8BC9CEB8-8B4A-11D0-8D11-00A0C91BC942}") = "iKnowModeluk", "aho\model0_uk.vcxproj", "{A478BEE2-98F1-4066-BE6B-A37DC75F3893}"
	ProjectSection(ProjectDependencies) = postProject
		{AB80B7EB-1C41-4AFD-81A6-F074D533A6AA} = {AB80B7EB-1C41-4AFD-81A6-F074D533A6AA}
	EndProjectSection
EndProject
Project("{8BC9CEB8-8B4A-11D0-8D11-00A0C91BC942}") = "iKnowModelsv", "aho\model0_sv.vcxproj", "{DDC2FBE9-BB3C-45FC-BECD-B94F567D3F72}"
	ProjectSection(ProjectDependencies) = postProject
		{AB80B7EB-1C41-4AFD-81A6-F074D533A6AA} = {AB80B7EB-1C41-4AFD-81A6-F074D533A6AA}
	EndProjectSection
EndProject
Project("{8BC9CEB8-8B4A-11D0-8D11-00A0C91BC942}") = "iKnowModelru", "aho\model0_ru.vcxproj", "{6F8E237C-F741-4488-8E67-80A9225313CE}"
	ProjectSection(ProjectDependencies) = postProject
		{AB80B7EB-1C41-4AFD-81A6-F074D533A6AA} = {AB80B7EB-1C41-4AFD-81A6-F074D533A6AA}
	EndProjectSection
EndProject
Project("{8BC9CEB8-8B4A-11D0-8D11-00A0C91BC942}") = "iKnowModelpt", "aho\model0_pt.vcxproj", "{A35359DF-91EC-47A3-93C6-3DC3975A7652}"
	ProjectSection(ProjectDependencies) = postProject
		{AB80B7EB-1C41-4AFD-81A6-F074D533A6AA} = {AB80B7EB-1C41-4AFD-81A6-F074D533A6AA}
	EndProjectSection
EndProject
Project("{8BC9CEB8-8B4A-11D0-8D11-00A0C91BC942}") = "iKnowModelnl", "aho\model0_nl.vcxproj", "{0E252CC3-B78C-4218-A626-57AFCCF15D6D}"
	ProjectSection(ProjectDependencies) = postProject
		{AB80B7EB-1C41-4AFD-81A6-F074D533A6AA} = {AB80B7EB-1C41-4AFD-81A6-F074D533A6AA}
	EndProjectSection
EndProject
Project("{8BC9CEB8-8B4A-11D0-8D11-00A0C91BC942}") = "iKnowModelja", "aho\model0_ja.vcxproj", "{D6D95BEC-8731-4E66-9B8D-23F2DA2F9E0E}"
	ProjectSection(ProjectDependencies) = postProject
		{AB80B7EB-1C41-4AFD-81A6-F074D533A6AA} = {AB80B7EB-1C41-4AFD-81A6-F074D533A6AA}
	EndProjectSection
EndProject
Project("{8BC9CEB8-8B4A-11D0-8D11-00A0C91BC942}") = "iKnowModelfr", "aho\model0_fr.vcxproj", "{890C8121-D3EA-4E17-9A05-3F4689CFC46B}"
	ProjectSection(ProjectDependencies) = postProject
		{AB80B7EB-1C41-4AFD-81A6-F074D533A6AA} = {AB80B7EB-1C41-4AFD-81A6-F074D533A6AA}
	EndProjectSection
EndProject
Project("{8BC9CEB8-8B4A-11D0-8D11-00A0C91BC942}") = "iKnowModeles", "aho\model0_es.vcxproj", "{F82C3CD1-B220-4780-9854-1E8546222837}"
	ProjectSection(ProjectDependencies) = postProject
		{AB80B7EB-1C41-4AFD-81A6-F074D533A6AA} = {AB80B7EB-1C41-4AFD-81A6-F074D533A6AA}
	EndProjectSection
EndProject
Project("{8BC9CEB8-8B4A-11D0-8D11-00A0C91BC942}") = "iKnowModelde", "aho\model0_de.vcxproj", "{5494F8E8-072C-4DB3-A709-EAEA7D228E28}"
	ProjectSection(ProjectDependencies) = postProject
		{AB80B7EB-1C41-4AFD-81A6-F074D533A6AA} = {AB80B7EB-1C41-4AFD-81A6-F074D533A6AA}
	EndProjectSection
EndProject
Project("{8BC9CEB8-8B4A-11D0-8D11-00A0C91BC942}") = "iKnowModelcs", "aho\model0_cs.vcxproj", "{2E2229E0-AEAD-4880-8273-360C96A2A18E}"
	ProjectSection(ProjectDependencies) = postProject
		{AB80B7EB-1C41-4AFD-81A6-F074D533A6AA} = {AB80B7EB-1C41-4AFD-81A6-F074D533A6AA}
	EndProjectSection
EndProject
Project("{8BC9CEB8-8B4A-11D0-8D11-00A0C91BC942}") = "iKnowModelukx", "aho\model1_uk.vcxproj", "{B7D2518F-6AFD-4B8A-9CA4-5FA1C43E3793}"
	ProjectSection(ProjectDependencies) = postProject
		{AB80B7EB-1C41-4AFD-81A6-F074D533A6AA} = {AB80B7EB-1C41-4AFD-81A6-F074D533A6AA}
	EndProjectSection
EndProject
Project("{8BC9CEB8-8B4A-11D0-8D11-00A0C91BC942}") = "iKnowModelsvx", "aho\model1_sv.vcxproj", "{4207F529-96D3-45FE-B6E9-3B5B2A8814AD}"
	ProjectSection(ProjectDependencies) = postProject
		{AB80B7EB-1C41-4AFD-81A6-F074D533A6AA} = {AB80B7EB-1C41-4AFD-81A6-F074D533A6AA}
	EndProjectSection
EndProject
Project("{8BC9CEB8-8B4A-11D0-8D11-00A0C91BC942}") = "iKnowModelrux", "aho\model1_ru.vcxproj", "{2BBB028D-7CA2-49E6-BE57-FE85FE6242C0}"
	ProjectSection(ProjectDependencies) = postProject
		{AB80B7EB-1C41-4AFD-81A6-F074D533A6AA} = {AB80B7EB-1C41-4AFD-81A6-F074D533A6AA}
	EndProjectSection
EndProject
Project("{8BC9CEB8-8B4A-11D0-8D11-00A0C91BC942}") = "iKnowModelptx", "aho\model1_pt.vcxproj", "{AC54A599-52EB-416F-85E7-C130099E06A2}"
	ProjectSection(ProjectDependencies) = postProject
		{AB80B7EB-1C41-4AFD-81A6-F074D533A6AA} = {AB80B7EB-1C41-4AFD-81A6-F074D533A6AA}
	EndProjectSection
EndProject
Project("{8BC9CEB8-8B4A-11D0-8D11-00A0C91BC942}") = "iKnowModelnlx", "aho\model1_nl.vcxproj", "{0B51EE09-DC75-40E8-B10C-EE2EAB2EA50F}"
	ProjectSection(ProjectDependencies) = postProject
		{AB80B7EB-1C41-4AFD-81A6-F074D533A6AA} = {AB80B7EB-1C41-4AFD-81A6-F074D533A6AA}
	EndProjectSection
EndProject
Project("{8BC9CEB8-8B4A-11D0-8D11-00A0C91BC942}") = "iKnowModeljax", "aho\model1_ja.vcxproj", "{7189FF33-B76B-4F35-958F-ECE56EBF9658}"
	ProjectSection(ProjectDependencies) = postProject
		{AB80B7EB-1C41-4AFD-81A6-F074D533A6AA} = {AB80B7EB-1C41-4AFD-81A6-F074D533A6AA}
	EndProjectSection
EndProject
Project("{8BC9CEB8-8B4A-11D0-8D11-00A0C91BC942}") = "iKnowModelfrx", "aho\model1_fr.vcxproj", "{5AFDE159-5E6D-4FDD-BCFB-7F2E38D7135D}"
	ProjectSection(ProjectDependencies) = postProject
		{AB80B7EB-1C41-4AFD-81A6-F074D533A6AA} = {AB80B7EB-1C41-4AFD-81A6-F074D533A6AA}
	EndProjectSection
EndProject
Project("{8BC9CEB8-8B4A-11D0-8D11-00A0C91BC942}") = "iKnowModelesx", "aho\model1_es.vcxproj", "{E0C85A9A-D1CF-4BF6-99A8-DA5B0F4B0281}"
	ProjectSection(ProjectDependencies) = postProject
		{AB80B7EB-1C41-4AFD-81A6-F074D533A6AA} = {AB80B7EB-1C41-4AFD-81A6-F074D533A6AA}
	EndProjectSection
EndProject
Project("{8BC9CEB8-8B4A-11D0-8D11-00A0C91BC942}") = "iKnowModeldex", "aho\model1_de.vcxproj", "{24E3F2B5-79BF-43E9-A417-C62AD48E3C72}"
	ProjectSection(ProjectDependencies) = postProject
		{AB80B7EB-1C41-4AFD-81A6-F074D533A6AA} = {AB80B7EB-1C41-4AFD-81A6-F074D533A6AA}
	EndProjectSection
EndProject
Project("{8BC9CEB8-8B4A-11D0-8D11-00A0C91BC942}") = "iKnowModelcsx", "aho\model1_cs.vcxproj", "{364B95E6-1E33-430E-96EF-45CDF70E43E7}"
	ProjectSection(ProjectDependencies) = postProject
		{AB80B7EB-1C41-4AFD-81A6-F074D533A6AA} = {AB80B7EB-1C41-4AFD-81A6-F074D533A6AA}
	EndProjectSection
EndProject
Project("{8BC9CEB8-8B4A-11D0-8D11-00A0C91BC942}") = "iKnowALI", "ali\ali.vcxproj", "{9C97C903-7BA3-4B1F-834F-3A073819A26D}"
	ProjectSection(ProjectDependencies) = postProject
		{3B42B7C3-E03C-4774-B0F8-DBA404BA0B11} = {3B42B7C3-E03C-4774-B0F8-DBA404BA0B11}
	EndProjectSection
EndProject
Project("{8BC9CEB8-8B4A-11D0-8D11-00A0C91BC942}") = "iKnowBase", "base\base.vcxproj", "{3B42B7C3-E03C-4774-B0F8-DBA404BA0B11}"
EndProject
Project("{8BC9CEB8-8B4A-11D0-8D11-00A0C91BC942}") = "iKnowCore", "core\core.vcxproj", "{9EBFDA45-E372-4381-8BA9-DEF74310AF14}"
	ProjectSection(ProjectDependencies) = postProject
		{9C97C903-7BA3-4B1F-834F-3A073819A26D} = {9C97C903-7BA3-4B1F-834F-3A073819A26D}
		{3B42B7C3-E03C-4774-B0F8-DBA404BA0B11} = {3B42B7C3-E03C-4774-B0F8-DBA404BA0B11}
	EndProjectSection
EndProject
Project("{8BC9CEB8-8B4A-11D0-8D11-00A0C91BC942}") = "iKnowEngine", "engine\engine.vcxproj", "{DF448293-BD0E-46C4-8689-69FCAEC64DE0}"
	ProjectSection(ProjectDependencies) = postProject
		{9C97C903-7BA3-4B1F-834F-3A073819A26D} = {9C97C903-7BA3-4B1F-834F-3A073819A26D}
		{1C10B62A-EE40-44D5-92FB-01A7733294F4} = {1C10B62A-EE40-44D5-92FB-01A7733294F4}
		{9EBFDA45-E372-4381-8BA9-DEF74310AF14} = {9EBFDA45-E372-4381-8BA9-DEF74310AF14}
		{3B42B7C3-E03C-4774-B0F8-DBA404BA0B11} = {3B42B7C3-E03C-4774-B0F8-DBA404BA0B11}
	EndProjectSection
EndProject
Project("{8BC9CEB8-8B4A-11D0-8D11-00A0C91BC942}") = "iKnowEngineTest", "enginetest\enginetest.vcxproj", "{06A65F7E-36D2-40CC-8617-916DC4BF1A4A}"
	ProjectSection(ProjectDependencies) = postProject
		{DF448293-BD0E-46C4-8689-69FCAEC64DE0} = {DF448293-BD0E-46C4-8689-69FCAEC64DE0}
	EndProjectSection
EndProject
Project("{8BC9CEB8-8B4A-11D0-8D11-00A0C91BC942}") = "iKnowLanguageCompiler", "compiler\iKnowLanguageCompiler\iKnowLanguageCompiler.vcxproj", "{2238FBC8-C3FF-4AFC-BEAF-7316B4B7FDA7}"
	ProjectSection(ProjectDependencies) = postProject
		{9EBFDA45-E372-4381-8BA9-DEF74310AF14} = {9EBFDA45-E372-4381-8BA9-DEF74310AF14}
		{3B42B7C3-E03C-4774-B0F8-DBA404BA0B11} = {3B42B7C3-E03C-4774-B0F8-DBA404BA0B11}
	EndProjectSection
EndProject
Global
	GlobalSection(SolutionConfigurationPlatforms) = preSolution
		Debug|Any CPU = Debug|Any CPU
		Debug|x64 = Debug|x64
		Release|Any CPU = Release|Any CPU
		Release|x64 = Release|x64
	EndGlobalSection
	GlobalSection(ProjectConfigurationPlatforms) = postSolution
		{1C10B62A-EE40-44D5-92FB-01A7733294F4}.Debug|Any CPU.ActiveCfg = Debug|x64
		{1C10B62A-EE40-44D5-92FB-01A7733294F4}.Debug|x64.ActiveCfg = Debug|x64
		{1C10B62A-EE40-44D5-92FB-01A7733294F4}.Debug|x64.Build.0 = Debug|x64
		{1C10B62A-EE40-44D5-92FB-01A7733294F4}.Release|Any CPU.ActiveCfg = Release|x64
		{1C10B62A-EE40-44D5-92FB-01A7733294F4}.Release|x64.ActiveCfg = Release|x64
		{1C10B62A-EE40-44D5-92FB-01A7733294F4}.Release|x64.Build.0 = Release|x64
		{AB80B7EB-1C41-4AFD-81A6-F074D533A6AA}.Debug|Any CPU.ActiveCfg = Debug|x64
		{AB80B7EB-1C41-4AFD-81A6-F074D533A6AA}.Debug|x64.ActiveCfg = Debug|x64
		{AB80B7EB-1C41-4AFD-81A6-F074D533A6AA}.Debug|x64.Build.0 = Debug|x64
		{AB80B7EB-1C41-4AFD-81A6-F074D533A6AA}.Release|Any CPU.ActiveCfg = Release|x64
		{AB80B7EB-1C41-4AFD-81A6-F074D533A6AA}.Release|x64.ActiveCfg = Release|x64
		{AB80B7EB-1C41-4AFD-81A6-F074D533A6AA}.Release|x64.Build.0 = Release|x64
		{DF730C9C-2FBF-414E-9E4D-E4E8F953643C}.Debug|Any CPU.ActiveCfg = Debug|x64
		{DF730C9C-2FBF-414E-9E4D-E4E8F953643C}.Debug|x64.ActiveCfg = Debug|x64
		{DF730C9C-2FBF-414E-9E4D-E4E8F953643C}.Debug|x64.Build.0 = Debug|x64
		{DF730C9C-2FBF-414E-9E4D-E4E8F953643C}.Release|Any CPU.ActiveCfg = Release|x64
		{DF730C9C-2FBF-414E-9E4D-E4E8F953643C}.Release|x64.ActiveCfg = Release|x64
		{DF730C9C-2FBF-414E-9E4D-E4E8F953643C}.Release|x64.Build.0 = Release|x64
		{33E174DE-FA5F-4224-B3B6-C76F8A5327ED}.Debug|Any CPU.ActiveCfg = Debug|x64
		{33E174DE-FA5F-4224-B3B6-C76F8A5327ED}.Debug|x64.ActiveCfg = Debug|x64
		{33E174DE-FA5F-4224-B3B6-C76F8A5327ED}.Debug|x64.Build.0 = Debug|x64
		{33E174DE-FA5F-4224-B3B6-C76F8A5327ED}.Release|Any CPU.ActiveCfg = Release|x64
		{33E174DE-FA5F-4224-B3B6-C76F8A5327ED}.Release|x64.ActiveCfg = Release|x64
		{33E174DE-FA5F-4224-B3B6-C76F8A5327ED}.Release|x64.Build.0 = Release|x64
		{A478BEE2-98F1-4066-BE6B-A37DC75F3893}.Debug|Any CPU.ActiveCfg = Debug|x64
		{A478BEE2-98F1-4066-BE6B-A37DC75F3893}.Debug|x64.ActiveCfg = Debug|x64
		{A478BEE2-98F1-4066-BE6B-A37DC75F3893}.Debug|x64.Build.0 = Debug|x64
		{A478BEE2-98F1-4066-BE6B-A37DC75F3893}.Release|Any CPU.ActiveCfg = Release|x64
		{A478BEE2-98F1-4066-BE6B-A37DC75F3893}.Release|x64.ActiveCfg = Release|x64
		{A478BEE2-98F1-4066-BE6B-A37DC75F3893}.Release|x64.Build.0 = Release|x64
		{DDC2FBE9-BB3C-45FC-BECD-B94F567D3F72}.Debug|Any CPU.ActiveCfg = Debug|x64
		{DDC2FBE9-BB3C-45FC-BECD-B94F567D3F72}.Debug|x64.ActiveCfg = Debug|x64
		{DDC2FBE9-BB3C-45FC-BECD-B94F567D3F72}.Debug|x64.Build.0 = Debug|x64
		{DDC2FBE9-BB3C-45FC-BECD-B94F567D3F72}.Release|Any CPU.ActiveCfg = Release|x64
		{DDC2FBE9-BB3C-45FC-BECD-B94F567D3F72}.Release|x64.ActiveCfg = Release|x64
		{DDC2FBE9-BB3C-45FC-BECD-B94F567D3F72}.Release|x64.Build.0 = Release|x64
		{6F8E237C-F741-4488-8E67-80A9225313CE}.Debug|Any CPU.ActiveCfg = Debug|x64
		{6F8E237C-F741-4488-8E67-80A9225313CE}.Debug|x64.ActiveCfg = Debug|x64
		{6F8E237C-F741-4488-8E67-80A9225313CE}.Debug|x64.Build.0 = Debug|x64
		{6F8E237C-F741-4488-8E67-80A9225313CE}.Release|Any CPU.ActiveCfg = Release|x64
		{6F8E237C-F741-4488-8E67-80A9225313CE}.Release|x64.ActiveCfg = Release|x64
		{6F8E237C-F741-4488-8E67-80A9225313CE}.Release|x64.Build.0 = Release|x64
		{A35359DF-91EC-47A3-93C6-3DC3975A7652}.Debug|Any CPU.ActiveCfg = Debug|x64
		{A35359DF-91EC-47A3-93C6-3DC3975A7652}.Debug|x64.ActiveCfg = Debug|x64
		{A35359DF-91EC-47A3-93C6-3DC3975A7652}.Debug|x64.Build.0 = Debug|x64
		{A35359DF-91EC-47A3-93C6-3DC3975A7652}.Release|Any CPU.ActiveCfg = Release|x64
		{A35359DF-91EC-47A3-93C6-3DC3975A7652}.Release|x64.ActiveCfg = Release|x64
		{A35359DF-91EC-47A3-93C6-3DC3975A7652}.Release|x64.Build.0 = Release|x64
		{0E252CC3-B78C-4218-A626-57AFCCF15D6D}.Debug|Any CPU.ActiveCfg = Debug|x64
		{0E252CC3-B78C-4218-A626-57AFCCF15D6D}.Debug|x64.ActiveCfg = Debug|x64
		{0E252CC3-B78C-4218-A626-57AFCCF15D6D}.Debug|x64.Build.0 = Debug|x64
		{0E252CC3-B78C-4218-A626-57AFCCF15D6D}.Release|Any CPU.ActiveCfg = Release|x64
		{0E252CC3-B78C-4218-A626-57AFCCF15D6D}.Release|x64.ActiveCfg = Release|x64
		{0E252CC3-B78C-4218-A626-57AFCCF15D6D}.Release|x64.Build.0 = Release|x64
		{D6D95BEC-8731-4E66-9B8D-23F2DA2F9E0E}.Debug|Any CPU.ActiveCfg = Debug|x64
		{D6D95BEC-8731-4E66-9B8D-23F2DA2F9E0E}.Debug|x64.ActiveCfg = Debug|x64
		{D6D95BEC-8731-4E66-9B8D-23F2DA2F9E0E}.Debug|x64.Build.0 = Debug|x64
		{D6D95BEC-8731-4E66-9B8D-23F2DA2F9E0E}.Release|Any CPU.ActiveCfg = Release|x64
		{D6D95BEC-8731-4E66-9B8D-23F2DA2F9E0E}.Release|x64.ActiveCfg = Release|x64
		{D6D95BEC-8731-4E66-9B8D-23F2DA2F9E0E}.Release|x64.Build.0 = Release|x64
		{890C8121-D3EA-4E17-9A05-3F4689CFC46B}.Debug|Any CPU.ActiveCfg = Debug|x64
		{890C8121-D3EA-4E17-9A05-3F4689CFC46B}.Debug|x64.ActiveCfg = Debug|x64
		{890C8121-D3EA-4E17-9A05-3F4689CFC46B}.Debug|x64.Build.0 = Debug|x64
		{890C8121-D3EA-4E17-9A05-3F4689CFC46B}.Release|Any CPU.ActiveCfg = Release|x64
		{890C8121-D3EA-4E17-9A05-3F4689CFC46B}.Release|x64.ActiveCfg = Release|x64
		{890C8121-D3EA-4E17-9A05-3F4689CFC46B}.Release|x64.Build.0 = Release|x64
		{F82C3CD1-B220-4780-9854-1E8546222837}.Debug|Any CPU.ActiveCfg = Debug|x64
		{F82C3CD1-B220-4780-9854-1E8546222837}.Debug|x64.ActiveCfg = Debug|x64
		{F82C3CD1-B220-4780-9854-1E8546222837}.Debug|x64.Build.0 = Debug|x64
		{F82C3CD1-B220-4780-9854-1E8546222837}.Release|Any CPU.ActiveCfg = Release|x64
		{F82C3CD1-B220-4780-9854-1E8546222837}.Release|x64.ActiveCfg = Release|x64
		{F82C3CD1-B220-4780-9854-1E8546222837}.Release|x64.Build.0 = Release|x64
		{5494F8E8-072C-4DB3-A709-EAEA7D228E28}.Debug|Any CPU.ActiveCfg = Debug|x64
		{5494F8E8-072C-4DB3-A709-EAEA7D228E28}.Debug|x64.ActiveCfg = Debug|x64
		{5494F8E8-072C-4DB3-A709-EAEA7D228E28}.Debug|x64.Build.0 = Debug|x64
		{5494F8E8-072C-4DB3-A709-EAEA7D228E28}.Release|Any CPU.ActiveCfg = Release|x64
		{5494F8E8-072C-4DB3-A709-EAEA7D228E28}.Release|x64.ActiveCfg = Release|x64
		{5494F8E8-072C-4DB3-A709-EAEA7D228E28}.Release|x64.Build.0 = Release|x64
		{2E2229E0-AEAD-4880-8273-360C96A2A18E}.Debug|Any CPU.ActiveCfg = Debug|x64
		{2E2229E0-AEAD-4880-8273-360C96A2A18E}.Debug|x64.ActiveCfg = Debug|x64
		{2E2229E0-AEAD-4880-8273-360C96A2A18E}.Debug|x64.Build.0 = Debug|x64
		{2E2229E0-AEAD-4880-8273-360C96A2A18E}.Release|Any CPU.ActiveCfg = Release|x64
		{2E2229E0-AEAD-4880-8273-360C96A2A18E}.Release|x64.ActiveCfg = Release|x64
		{2E2229E0-AEAD-4880-8273-360C96A2A18E}.Release|x64.Build.0 = Release|x64
		{B7D2518F-6AFD-4B8A-9CA4-5FA1C43E3793}.Debug|Any CPU.ActiveCfg = Debug|x64
		{B7D2518F-6AFD-4B8A-9CA4-5FA1C43E3793}.Debug|x64.ActiveCfg = Debug|x64
		{B7D2518F-6AFD-4B8A-9CA4-5FA1C43E3793}.Debug|x64.Build.0 = Debug|x64
		{B7D2518F-6AFD-4B8A-9CA4-5FA1C43E3793}.Release|Any CPU.ActiveCfg = Release|x64
		{B7D2518F-6AFD-4B8A-9CA4-5FA1C43E3793}.Release|x64.ActiveCfg = Release|x64
		{B7D2518F-6AFD-4B8A-9CA4-5FA1C43E3793}.Release|x64.Build.0 = Release|x64
		{4207F529-96D3-45FE-B6E9-3B5B2A8814AD}.Debug|Any CPU.ActiveCfg = Debug|x64
		{4207F529-96D3-45FE-B6E9-3B5B2A8814AD}.Debug|x64.ActiveCfg = Debug|x64
		{4207F529-96D3-45FE-B6E9-3B5B2A8814AD}.Debug|x64.Build.0 = Debug|x64
		{4207F529-96D3-45FE-B6E9-3B5B2A8814AD}.Release|Any CPU.ActiveCfg = Release|x64
		{4207F529-96D3-45FE-B6E9-3B5B2A8814AD}.Release|x64.ActiveCfg = Release|x64
		{4207F529-96D3-45FE-B6E9-3B5B2A8814AD}.Release|x64.Build.0 = Release|x64
		{2BBB028D-7CA2-49E6-BE57-FE85FE6242C0}.Debug|Any CPU.ActiveCfg = Debug|x64
		{2BBB028D-7CA2-49E6-BE57-FE85FE6242C0}.Debug|x64.ActiveCfg = Debug|x64
		{2BBB028D-7CA2-49E6-BE57-FE85FE6242C0}.Debug|x64.Build.0 = Debug|x64
		{2BBB028D-7CA2-49E6-BE57-FE85FE6242C0}.Release|Any CPU.ActiveCfg = Release|x64
		{2BBB028D-7CA2-49E6-BE57-FE85FE6242C0}.Release|x64.ActiveCfg = Release|x64
		{2BBB028D-7CA2-49E6-BE57-FE85FE6242C0}.Release|x64.Build.0 = Release|x64
		{AC54A599-52EB-416F-85E7-C130099E06A2}.Debug|Any CPU.ActiveCfg = Debug|x64
		{AC54A599-52EB-416F-85E7-C130099E06A2}.Debug|x64.ActiveCfg = Debug|x64
		{AC54A599-52EB-416F-85E7-C130099E06A2}.Debug|x64.Build.0 = Debug|x64
		{AC54A599-52EB-416F-85E7-C130099E06A2}.Release|Any CPU.ActiveCfg = Release|x64
		{AC54A599-52EB-416F-85E7-C130099E06A2}.Release|x64.ActiveCfg = Release|x64
		{AC54A599-52EB-416F-85E7-C130099E06A2}.Release|x64.Build.0 = Release|x64
		{0B51EE09-DC75-40E8-B10C-EE2EAB2EA50F}.Debug|Any CPU.ActiveCfg = Debug|x64
		{0B51EE09-DC75-40E8-B10C-EE2EAB2EA50F}.Debug|x64.ActiveCfg = Debug|x64
		{0B51EE09-DC75-40E8-B10C-EE2EAB2EA50F}.Debug|x64.Build.0 = Debug|x64
		{0B51EE09-DC75-40E8-B10C-EE2EAB2EA50F}.Release|Any CPU.ActiveCfg = Release|x64
		{0B51EE09-DC75-40E8-B10C-EE2EAB2EA50F}.Release|x64.ActiveCfg = Release|x64
		{0B51EE09-DC75-40E8-B10C-EE2EAB2EA50F}.Release|x64.Build.0 = Release|x64
		{7189FF33-B76B-4F35-958F-ECE56EBF9658}.Debug|Any CPU.ActiveCfg = Debug|x64
		{7189FF33-B76B-4F35-958F-ECE56EBF9658}.Debug|x64.ActiveCfg = Debug|x64
		{7189FF33-B76B-4F35-958F-ECE56EBF9658}.Debug|x64.Build.0 = Debug|x64
		{7189FF33-B76B-4F35-958F-ECE56EBF9658}.Release|Any CPU.ActiveCfg = Release|x64
		{7189FF33-B76B-4F35-958F-ECE56EBF9658}.Release|x64.ActiveCfg = Release|x64
		{7189FF33-B76B-4F35-958F-ECE56EBF9658}.Release|x64.Build.0 = Release|x64
		{5AFDE159-5E6D-4FDD-BCFB-7F2E38D7135D}.Debug|Any CPU.ActiveCfg = Debug|x64
		{5AFDE159-5E6D-4FDD-BCFB-7F2E38D7135D}.Debug|x64.ActiveCfg = Debug|x64
		{5AFDE159-5E6D-4FDD-BCFB-7F2E38D7135D}.Debug|x64.Build.0 = Debug|x64
		{5AFDE159-5E6D-4FDD-BCFB-7F2E38D7135D}.Release|Any CPU.ActiveCfg = Release|x64
		{5AFDE159-5E6D-4FDD-BCFB-7F2E38D7135D}.Release|x64.ActiveCfg = Release|x64
		{5AFDE159-5E6D-4FDD-BCFB-7F2E38D7135D}.Release|x64.Build.0 = Release|x64
		{E0C85A9A-D1CF-4BF6-99A8-DA5B0F4B0281}.Debug|Any CPU.ActiveCfg = Debug|x64
		{E0C85A9A-D1CF-4BF6-99A8-DA5B0F4B0281}.Debug|x64.ActiveCfg = Debug|x64
		{E0C85A9A-D1CF-4BF6-99A8-DA5B0F4B0281}.Debug|x64.Build.0 = Debug|x64
		{E0C85A9A-D1CF-4BF6-99A8-DA5B0F4B0281}.Release|Any CPU.ActiveCfg = Release|x64
		{E0C85A9A-D1CF-4BF6-99A8-DA5B0F4B0281}.Release|x64.ActiveCfg = Release|x64
		{E0C85A9A-D1CF-4BF6-99A8-DA5B0F4B0281}.Release|x64.Build.0 = Release|x64
		{24E3F2B5-79BF-43E9-A417-C62AD48E3C72}.Debug|Any CPU.ActiveCfg = Debug|x64
		{24E3F2B5-79BF-43E9-A417-C62AD48E3C72}.Debug|x64.ActiveCfg = Debug|x64
		{24E3F2B5-79BF-43E9-A417-C62AD48E3C72}.Debug|x64.Build.0 = Debug|x64
		{24E3F2B5-79BF-43E9-A417-C62AD48E3C72}.Release|Any CPU.ActiveCfg = Release|x64
		{24E3F2B5-79BF-43E9-A417-C62AD48E3C72}.Release|x64.ActiveCfg = Release|x64
		{24E3F2B5-79BF-43E9-A417-C62AD48E3C72}.Release|x64.Build.0 = Release|x64
		{364B95E6-1E33-430E-96EF-45CDF70E43E7}.Debug|Any CPU.ActiveCfg = Debug|x64
		{364B95E6-1E33-430E-96EF-45CDF70E43E7}.Debug|x64.ActiveCfg = Debug|x64
		{364B95E6-1E33-430E-96EF-45CDF70E43E7}.Debug|x64.Build.0 = Debug|x64
		{364B95E6-1E33-430E-96EF-45CDF70E43E7}.Release|Any CPU.ActiveCfg = Release|x64
		{364B95E6-1E33-430E-96EF-45CDF70E43E7}.Release|x64.ActiveCfg = Release|x64
		{364B95E6-1E33-430E-96EF-45CDF70E43E7}.Release|x64.Build.0 = Release|x64
		{9C97C903-7BA3-4B1F-834F-3A073819A26D}.Debug|Any CPU.ActiveCfg = Debug|x64
		{9C97C903-7BA3-4B1F-834F-3A073819A26D}.Debug|x64.ActiveCfg = Debug|x64
		{9C97C903-7BA3-4B1F-834F-3A073819A26D}.Debug|x64.Build.0 = Debug|x64
		{9C97C903-7BA3-4B1F-834F-3A073819A26D}.Release|Any CPU.ActiveCfg = Release|x64
		{9C97C903-7BA3-4B1F-834F-3A073819A26D}.Release|x64.ActiveCfg = Release|x64
		{9C97C903-7BA3-4B1F-834F-3A073819A26D}.Release|x64.Build.0 = Release|x64
		{3B42B7C3-E03C-4774-B0F8-DBA404BA0B11}.Debug|Any CPU.ActiveCfg = Debug|x64
		{3B42B7C3-E03C-4774-B0F8-DBA404BA0B11}.Debug|x64.ActiveCfg = Debug|x64
		{3B42B7C3-E03C-4774-B0F8-DBA404BA0B11}.Debug|x64.Build.0 = Debug|x64
		{3B42B7C3-E03C-4774-B0F8-DBA404BA0B11}.Release|Any CPU.ActiveCfg = Release|x64
		{3B42B7C3-E03C-4774-B0F8-DBA404BA0B11}.Release|x64.ActiveCfg = Release|x64
		{3B42B7C3-E03C-4774-B0F8-DBA404BA0B11}.Release|x64.Build.0 = Release|x64
		{9EBFDA45-E372-4381-8BA9-DEF74310AF14}.Debug|Any CPU.ActiveCfg = Debug|x64
		{9EBFDA45-E372-4381-8BA9-DEF74310AF14}.Debug|x64.ActiveCfg = Debug|x64
		{9EBFDA45-E372-4381-8BA9-DEF74310AF14}.Debug|x64.Build.0 = Debug|x64
		{9EBFDA45-E372-4381-8BA9-DEF74310AF14}.Release|Any CPU.ActiveCfg = Release|x64
		{9EBFDA45-E372-4381-8BA9-DEF74310AF14}.Release|x64.ActiveCfg = Release|x64
		{9EBFDA45-E372-4381-8BA9-DEF74310AF14}.Release|x64.Build.0 = Release|x64
		{DF448293-BD0E-46C4-8689-69FCAEC64DE0}.Debug|Any CPU.ActiveCfg = Debug|x64
		{DF448293-BD0E-46C4-8689-69FCAEC64DE0}.Debug|x64.ActiveCfg = Debug|x64
		{DF448293-BD0E-46C4-8689-69FCAEC64DE0}.Debug|x64.Build.0 = Debug|x64
		{DF448293-BD0E-46C4-8689-69FCAEC64DE0}.Release|Any CPU.ActiveCfg = Release|x64
		{DF448293-BD0E-46C4-8689-69FCAEC64DE0}.Release|x64.ActiveCfg = Release|x64
		{DF448293-BD0E-46C4-8689-69FCAEC64DE0}.Release|x64.Build.0 = Release|x64
		{06A65F7E-36D2-40CC-8617-916DC4BF1A4A}.Debug|Any CPU.ActiveCfg = Debug|x64
		{06A65F7E-36D2-40CC-8617-916DC4BF1A4A}.Debug|x64.ActiveCfg = Debug|x64
		{06A65F7E-36D2-40CC-8617-916DC4BF1A4A}.Debug|x64.Build.0 = Debug|x64
		{06A65F7E-36D2-40CC-8617-916DC4BF1A4A}.Release|Any CPU.ActiveCfg = Release|x64
		{06A65F7E-36D2-40CC-8617-916DC4BF1A4A}.Release|x64.ActiveCfg = Release|x64
		{06A65F7E-36D2-40CC-8617-916DC4BF1A4A}.Release|x64.Build.0 = Release|x64
		{2238FBC8-C3FF-4AFC-BEAF-7316B4B7FDA7}.Debug|Any CPU.ActiveCfg = Debug|x64
		{2238FBC8-C3FF-4AFC-BEAF-7316B4B7FDA7}.Debug|x64.ActiveCfg = Debug|x64
		{2238FBC8-C3FF-4AFC-BEAF-7316B4B7FDA7}.Debug|x64.Build.0 = Debug|x64
		{2238FBC8-C3FF-4AFC-BEAF-7316B4B7FDA7}.Release|Any CPU.ActiveCfg = Release|x64
		{2238FBC8-C3FF-4AFC-BEAF-7316B4B7FDA7}.Release|x64.ActiveCfg = Release|x64
		{2238FBC8-C3FF-4AFC-BEAF-7316B4B7FDA7}.Release|x64.Build.0 = Release|x64
	EndGlobalSection
	GlobalSection(SolutionProperties) = preSolution
		HideSolutionNode = FALSE
	EndGlobalSection
	GlobalSection(ExtensibilityGlobals) = postSolution
		SolutionGuid = {F5242208-BBAE-4817-B2D4-F2DD80BDA88A}
	EndGlobalSection
EndGlobal
