<?xml version="1.0" encoding="utf-8"?>
<Project ToolsVersion="4.0" xmlns="http://schemas.microsoft.com/developer/msbuild/2003">
  <ItemGroup>
    <Filter Include="Source Files">
      <UniqueIdentifier>{4FC737F1-C7A5-4376-A066-2A32D752A2FF}</UniqueIdentifier>
      <Extensions>cpp;c;cc;cxx;def;odl;idl;hpj;bat;asm;asmx</Extensions>
    </Filter>
    <Filter Include="Header Files">
      <UniqueIdentifier>{93995380-89BD-4b04-88EB-625FBE52EBFB}</UniqueIdentifier>
      <Extensions>h;hh;hpp;hxx;hm;inl;inc;xsd</Extensions>
    </Filter>
    <Filter Include="Resource Files">
      <UniqueIdentifier>{67DA6AB6-F800-4c08-8B7A-83BB121AAD01}</UniqueIdentifier>
      <Extensions>rc;ico;cur;bmp;dlg;rc2;rct;bin;rgs;gif;jpg;jpeg;jpe;resx;tiff;tif;png;wav;mfcribbon-ms</Extensions>
    </Filter>
  </ItemGroup>
  <ItemGroup>
    <ClCompile Include="src\IkStringAlg.cpp">
      <Filter>Source Files</Filter>
    </ClCompile>
    <ClCompile Include="src\IkStringEncoding.cpp">
      <Filter>Source Files</Filter>
    </ClCompile>
    <ClCompile Include="src\PoolAllocator.cpp">
      <Filter>Source Files</Filter>
    </ClCompile>
  </ItemGroup>
  <ItemGroup>
    <None Include="..\Dependencies.props" />
  </ItemGroup>
  <ItemGroup>
    <ClInclude Include="src\headers\BoostSupport.h">
      <Filter>Header Files</Filter>
    </ClInclude>
    <ClInclude Include="src\headers\FastSet.h">
      <Filter>Header Files</Filter>
    </ClInclude>
    <ClInclude Include="src\headers\IkDefinesBase.h">
      <Filter>Header Files</Filter>
    </ClInclude>
    <ClInclude Include="src\headers\IkExportBase.h">
      <Filter>Header Files</Filter>
    </ClInclude>
    <ClInclude Include="src\headers\IkObject.h">
      <Filter>Header Files</Filter>
    </ClInclude>
    <ClInclude Include="src\headers\IkStringAlg.h">
      <Filter>Header Files</Filter>
    </ClInclude>
    <ClInclude Include="src\headers\IkStringEncoding.h">
      <Filter>Header Files</Filter>
    </ClInclude>
    <ClInclude Include="src\headers\IkTrace.h">
      <Filter>Header Files</Filter>
    </ClInclude>
    <ClInclude Include="src\headers\IkTypes.h">
      <Filter>Header Files</Filter>
    </ClInclude>
    <ClInclude Include="src\headers\IndexMap.h">
      <Filter>Header Files</Filter>
    </ClInclude>
    <ClInclude Include="src\headers\PoolAllocator.h">
      <Filter>Header Files</Filter>
    </ClInclude>
    <ClInclude Include="src\headers\SafeString.h">
      <Filter>Header Files</Filter>
    </ClInclude>
    <ClInclude Include="src\headers\StringPool.h">
      <Filter>Header Files</Filter>
    </ClInclude>
  </ItemGroup>
</Project>