<?xml version="1.0" encoding="utf-8"?>
<Project ToolsVersion="4.0" xmlns="http://schemas.microsoft.com/developer/msbuild/2003">
  <ItemGroup>
    <Filter Include="Source Files">
      <UniqueIdentifier>{0123235a-bcc0-47e2-b8ba-64debe7b43c9}</UniqueIdentifier>
      <Extensions>cpp;c;cxx;rc;def;r;odl;idl;hpj;bat</Extensions>
    </Filter>
    <Filter Include="Header Files">
      <UniqueIdentifier>{45295462-6f88-49cf-b443-7e65f4eabd75}</UniqueIdentifier>
      <Extensions>h;hpp;hxx;hm;inl</Extensions>
    </Filter>
    <Filter Include="Resource Files">
      <UniqueIdentifier>{455440e3-b035-48ec-8c73-522f98df4fea}</UniqueIdentifier>
      <Extensions>ico;cur;bmp;dlg;rc2;rct;bin;rgs;gif;jpg;jpeg;jpe</Extensions>
    </Filter>
  </ItemGroup>
  <ItemGroup>
    <ClCompile Include="src\CompiledKnowledgebase.cpp">
      <Filter>Source Files</Filter>
    </ClCompile>
    <ClCompile Include="src\CompiledLanguagebase.cpp">
      <Filter>Source Files</Filter>
    </ClCompile>
    <ClCompile Include="src\KernelInterface.cpp">
      <Filter>Source Files</Filter>
    </ClCompile>
    <ClCompile Include="src\OffsetPtr.cpp">
      <Filter>Source Files</Filter>
    </ClCompile>
    <ClCompile Include="src\Process.cpp">
      <Filter>Source Files</Filter>
    </ClCompile>
    <ClCompile Include="src\SharedMemoryKnowledgebase.cpp">
      <Filter>Source Files</Filter>
    </ClCompile>
    <ClCompile Include="src\SharedMemoryLanguagebase.cpp">
      <Filter>Source Files</Filter>
    </ClCompile>
    <ClCompile Include="src\DynamicModel.cpp">
      <Filter>Source Files</Filter>
    </ClCompile>
    <ClCompile Include="..\..\shared\Utility\utlCacheList.cpp">
      <Filter>Source Files</Filter>
    </ClCompile>
    <ClCompile Include="..\..\shared\Utility\utlCountedByteArray.cpp">
      <Filter>Source Files</Filter>
    </ClCompile>
  </ItemGroup>
  <ItemGroup>
    <ClInclude Include="src\CompiledKnowledgebase.h">
      <Filter>Header Files</Filter>
    </ClInclude>
    <ClInclude Include="src\CompiledLanguagebase.h">
      <Filter>Header Files</Filter>
    </ClInclude>
    <ClInclude Include="src\Kb.h">
      <Filter>Header Files</Filter>
    </ClInclude>
    <ClInclude Include="src\KbAcronym.h">
      <Filter>Header Files</Filter>
    </ClInclude>
    <ClInclude Include="src\KbAttribute.h">
      <Filter>Header Files</Filter>
    </ClInclude>
    <ClInclude Include="src\KbAttributeMap.h">
      <Filter>Header Files</Filter>
    </ClInclude>
    <ClInclude Include="src\KbFilter.h">
      <Filter>Header Files</Filter>
    </ClInclude>
    <ClInclude Include="src\KbLabel.h">
      <Filter>Header Files</Filter>
    </ClInclude>
    <ClInclude Include="src\KbLexrep.h">
      <Filter>Header Files</Filter>
    </ClInclude>
    <ClInclude Include="src\KbRule.h">
      <Filter>Header Files</Filter>
    </ClInclude>
    <ClInclude Include="src\SDK\headers\OutFunc.h">
      <Filter>Header Files</Filter>
    </ClInclude>
    <ClInclude Include="src\Process.h">
      <Filter>Header Files</Filter>
    </ClInclude>
    <ClInclude Include="src\RawBlock.h">
      <Filter>Header Files</Filter>
    </ClInclude>
    <ClInclude Include="src\SharedMemoryKnowledgebase.h">
      <Filter>Header Files</Filter>
    </ClInclude>
    <ClInclude Include="src\StaticHashTable.h">
      <Filter>Header Files</Filter>
    </ClInclude>
  </ItemGroup>
  <ItemGroup>
    <ResourceCompile Include="shell.rc">
      <Filter>Resource Files</Filter>
    </ResourceCompile>
  </ItemGroup>
</Project>