<?xml version="1.0" encoding="utf-8"?>
<Project ToolsVersion="4.0" xmlns="http://schemas.microsoft.com/developer/msbuild/2003">
  <ItemGroup>
    <Filter Include="Source Files">
      <UniqueIdentifier>{4FC737F1-C7A5-4376-A066-2A32D752A2FF}</UniqueIdentifier>
      <Extensions>cpp;c;cc;cxx;def;odl;idl;hpj;bat;asm;asmx</Extensions>
    </Filter>
    <Filter Include="Header Files">
      <UniqueIdentifier>{93995380-89BD-4b04-88EB-625FBE52EBFB}</UniqueIdentifier>
      <Extensions>h;hh;hpp;hxx;hm;inl;inc;xsd</Extensions>
    </Filter>
    <Filter Include="Resource Files">
      <UniqueIdentifier>{67DA6AB6-F800-4c08-8B7A-83BB121AAD01}</UniqueIdentifier>
      <Extensions>rc;ico;cur;bmp;dlg;rc2;rct;bin;rgs;gif;jpg;jpeg;jpe;resx;tiff;tif;png;wav;mfcribbon-ms</Extensions>
    </Filter>
  </ItemGroup>
  <ItemGroup>
    <ClCompile Include="src\engine.cpp">
      <Filter>Source Files</Filter>
    </ClCompile>
    <ClCompile Include="language_data\kb_cs_data.c">
      <Filter>Source Files</Filter>
    </ClCompile>
    <ClCompile Include="language_data\kb_de_data.c">
      <Filter>Source Files</Filter>
    </ClCompile>
    <ClCompile Include="language_data\kb_en_data.c">
      <Filter>Source Files</Filter>
    </ClCompile>
    <ClCompile Include="language_data\kb_es_data.c">
      <Filter>Source Files</Filter>
    </ClCompile>
    <ClCompile Include="language_data\kb_fr_data.c">
      <Filter>Source Files</Filter>
    </ClCompile>
    <ClCompile Include="language_data\kb_ja_data.c">
      <Filter>Source Files</Filter>
    </ClCompile>
    <ClCompile Include="language_data\kb_nl_data.c">
      <Filter>Source Files</Filter>
    </ClCompile>
    <ClCompile Include="language_data\kb_pt_data.c">
      <Filter>Source Files</Filter>
    </ClCompile>
    <ClCompile Include="language_data\kb_ru_data.c">
      <Filter>Source Files</Filter>
    </ClCompile>
    <ClCompile Include="language_data\kb_sv_data.c">
      <Filter>Source Files</Filter>
    </ClCompile>
    <ClCompile Include="language_data\kb_uk_data.c">
      <Filter>Source Files</Filter>
    </ClCompile>
    <ClCompile Include="src\UserKnowledgeBase.cpp">
      <Filter>Source Files</Filter>
    </ClCompile>
  </ItemGroup>
  <ItemGroup>
    <ClInclude Include="src\engine.h">
      <Filter>Header Files</Filter>
    </ClInclude>
    <ClInclude Include="src\UserKnowledgeBase.h">
      <Filter>Header Files</Filter>
    </ClInclude>
  </ItemGroup>
</Project>