<?xml version="1.0" encoding="utf-8"?>
<Project ToolsVersion="4.0" xmlns="http://schemas.microsoft.com/developer/msbuild/2003">
  <ItemGroup>
    <Filter Include="Source Files">
      <UniqueIdentifier>{4FC737F1-C7A5-4376-A066-2A32D752A2FF}</UniqueIdentifier>
      <Extensions>cpp;c;cc;cxx;def;odl;idl;hpj;bat;asm;asmx</Extensions>
    </Filter>
    <Filter Include="Header Files">
      <UniqueIdentifier>{93995380-89BD-4b04-88EB-625FBE52EBFB}</UniqueIdentifier>
      <Extensions>h;hh;hpp;hxx;hm;inl;inc;xsd</Extensions>
    </Filter>
    <Filter Include="Resource Files">
      <UniqueIdentifier>{67DA6AB6-F800-4c08-8B7A-83BB121AAD01}</UniqueIdentifier>
      <Extensions>rc;ico;cur;bmp;dlg;rc2;rct;bin;rgs;gif;jpg;jpeg;jpe;resx;tiff;tif;png;wav;mfcribbon-ms</Extensions>
    </Filter>
  </ItemGroup>
  <ItemGroup>
    <ClCompile Include="src\IkConceptFilter.cpp">
      <Filter>Source Files</Filter>
    </ClCompile>
    <ClCompile Include="src\IkConceptProximity.cpp">
      <Filter>Source Files</Filter>
    </ClCompile>
    <ClCompile Include="src\IkCore.cpp">
      <Filter>Source Files</Filter>
    </ClCompile>
    <ClCompile Include="src\IkDocumentPart.cpp">
      <Filter>Source Files</Filter>
    </ClCompile>
    <ClCompile Include="src\IkFilter.cpp">
      <Filter>Source Files</Filter>
    </ClCompile>
    <ClCompile Include="src\IkIndexInput.cpp">
      <Filter>Source Files</Filter>
    </ClCompile>
    <ClCompile Include="src\IkIndexOutput.cpp">
      <Filter>Source Files</Filter>
    </ClCompile>
    <ClCompile Include="src\IkIndexProcess.cpp">
      <Filter>Source Files</Filter>
    </ClCompile>
    <ClCompile Include="src\IkKnowledgebase.cpp">
      <Filter>Source Files</Filter>
    </ClCompile>
    <ClCompile Include="src\IkLabel.cpp">
      <Filter>Source Files</Filter>
    </ClCompile>
    <ClCompile Include="src\IkLexrep.cpp">
      <Filter>Source Files</Filter>
    </ClCompile>
    <ClCompile Include="src\IkMetadataCache.cpp">
      <Filter>Source Files</Filter>
    </ClCompile>
    <ClCompile Include="src\IkOntology.cpp">
      <Filter>Source Files</Filter>
    </ClCompile>
    <ClCompile Include="src\IkOntologyElement.cpp">
      <Filter>Source Files</Filter>
    </ClCompile>
    <ClCompile Include="src\IkPreprocessFilter.cpp">
      <Filter>Source Files</Filter>
    </ClCompile>
    <ClCompile Include="src\IkSentence.cpp">
      <Filter>Source Files</Filter>
    </ClCompile>
    <ClCompile Include="src\IkStringOutput.cpp">
      <Filter>Source Files</Filter>
    </ClCompile>
    <ClCompile Include="src\IkSummarizer.cpp">
      <Filter>Source Files</Filter>
    </ClCompile>
    <ClCompile Include="src\IkSummaryImportanceRule.cpp">
      <Filter>Source Files</Filter>
    </ClCompile>
    <ClCompile Include="src\IkSummaryLengthMode.cpp">
      <Filter>Source Files</Filter>
    </ClCompile>
    <ClCompile Include="src\IkUserDictionary.cpp">
      <Filter>Source Files</Filter>
    </ClCompile>
    <ClCompile Include="src\Reader.cpp">
      <Filter>Source Files</Filter>
    </ClCompile>
    <ClCompile Include="src\RegExServices.cpp">
      <Filter>Source Files</Filter>
    </ClCompile>
    <ClCompile Include="src\IkIndexDebugList.cpp">
      <Filter>Source Files</Filter>
    </ClCompile>
  </ItemGroup>
  <ItemGroup>
    <ClInclude Include="src\headers\Block.h">
      <Filter>Header Files</Filter>
    </ClInclude>
    <ClInclude Include="src\headers\Buffer.h">
      <Filter>Header Files</Filter>
    </ClInclude>
    <ClInclude Include="src\headers\iFind.h">
      <Filter>Header Files</Filter>
    </ClInclude>
    <ClInclude Include="src\headers\IkConceptFilter.h">
      <Filter>Header Files</Filter>
    </ClInclude>
    <ClInclude Include="src\headers\IkConceptProximity.h">
      <Filter>Header Files</Filter>
    </ClInclude>
    <ClInclude Include="src\headers\IkCore.h">
      <Filter>Header Files</Filter>
    </ClInclude>
    <ClInclude Include="src\headers\IkDocumentPart.h">
      <Filter>Header Files</Filter>
    </ClInclude>
    <ClInclude Include="src\headers\IkEntityVector.h">
      <Filter>Header Files</Filter>
    </ClInclude>
    <ClInclude Include="src\headers\IkExportCore.h">
      <Filter>Header Files</Filter>
    </ClInclude>
    <ClInclude Include="src\headers\IkFilter.h">
      <Filter>Header Files</Filter>
    </ClInclude>
    <ClInclude Include="src\headers\IkIndexDebug.h">
      <Filter>Header Files</Filter>
    </ClInclude>
    <ClInclude Include="src\headers\IkIndexInput.h">
      <Filter>Header Files</Filter>
    </ClInclude>
    <ClInclude Include="src\headers\IkIndexOutput.h">
      <Filter>Header Files</Filter>
    </ClInclude>
    <ClInclude Include="src\headers\IkIndexProcess.h">
      <Filter>Header Files</Filter>
    </ClInclude>
    <ClInclude Include="src\headers\IkKnowledgebase.h">
      <Filter>Header Files</Filter>
    </ClInclude>
    <ClInclude Include="src\headers\IkLabel.h">
      <Filter>Header Files</Filter>
    </ClInclude>
    <ClInclude Include="src\headers\IkLexrep.h">
      <Filter>Header Files</Filter>
    </ClInclude>
    <ClInclude Include="src\headers\IkMergedLexrep.h">
      <Filter>Header Files</Filter>
    </ClInclude>
    <ClInclude Include="src\headers\IkMetadataCache.h">
      <Filter>Header Files</Filter>
    </ClInclude>
    <ClInclude Include="src\headers\IkOntology.h">
      <Filter>Header Files</Filter>
    </ClInclude>
    <ClInclude Include="src\headers\IkOntologyElement.h">
      <Filter>Header Files</Filter>
    </ClInclude>
    <ClInclude Include="src\headers\IkPath.h">
      <Filter>Header Files</Filter>
    </ClInclude>
    <ClInclude Include="src\headers\IkPreprocessFilter.h">
      <Filter>Header Files</Filter>
    </ClInclude>
    <ClInclude Include="src\headers\IkRule.h">
      <Filter>Header Files</Filter>
    </ClInclude>
    <ClInclude Include="src\headers\IkRuleInputPattern.h">
      <Filter>Header Files</Filter>
    </ClInclude>
    <ClInclude Include="src\headers\IkRuleOption.h">
      <Filter>Header Files</Filter>
    </ClInclude>
    <ClInclude Include="src\headers\IkRuleOutputPattern.h">
      <Filter>Header Files</Filter>
    </ClInclude>
    <ClInclude Include="src\headers\IkSentence.h">
      <Filter>Header Files</Filter>
    </ClInclude>
    <ClInclude Include="src\headers\IkStemmer.h">
      <Filter>Header Files</Filter>
    </ClInclude>
    <ClInclude Include="src\headers\IkStringOutput.h">
      <Filter>Header Files</Filter>
    </ClInclude>
    <ClInclude Include="src\headers\IkSummarizer.h">
      <Filter>Header Files</Filter>
    </ClInclude>
    <ClInclude Include="src\headers\IkSummaryImportanceRule.h">
      <Filter>Header Files</Filter>
    </ClInclude>
    <ClInclude Include="src\headers\IkSummaryLengthMode.h">
      <Filter>Header Files</Filter>
    </ClInclude>
    <ClInclude Include="src\headers\IkUserDictionary.h">
      <Filter>Header Files</Filter>
    </ClInclude>
    <ClInclude Include="src\headers\Lexrep.h">
      <Filter>Header Files</Filter>
    </ClInclude>
    <ClInclude Include="src\headers\Reader.h">
      <Filter>Header Files</Filter>
    </ClInclude>
    <ClInclude Include="src\headers\RegExServices.h">
      <Filter>Header Files</Filter>
    </ClInclude>
    <ClInclude Include="src\headers\Sentence.h">
      <Filter>Header Files</Filter>
    </ClInclude>
  </ItemGroup>
</Project>